// !$*UTF8*$!
{
	archiveVersion = 1;
	classes = {
	};
	objectVersion = 56;
	objects = {

/* Begin PBXBuildFile section */
		443053052A728E2E000CC3C5 /* AsyncAwaitBootcamp.swift in Sources */ = {isa = PBXBuildFile; fileRef = 443053042A728E2E000CC3C5 /* AsyncAwaitBootcamp.swift */; };
		4453E59F2A7F6B19009029AF /* SendableBootcamp.swift in Sources */ = {isa = PBXBuildFile; fileRef = 4453E59E2A7F6B19009029AF /* SendableBootcamp.swift */; };
		4453E5A12A7F71B5009029AF /* AsyncPublisherBootcamp.swift in Sources */ = {isa = PBXBuildFile; fileRef = 4453E5A02A7F71B5009029AF /* AsyncPublisherBootcamp.swift */; };
		445802662A7CC1D700773DD2 /* ActorsBootcamp.swift in Sources */ = {isa = PBXBuildFile; fileRef = 445802652A7CC1D700773DD2 /* ActorsBootcamp.swift */; };
		4464B3A62A72375B0066304A /* SwiftConcurrencyBootcampApp.swift in Sources */ = {isa = PBXBuildFile; fileRef = 4464B3A52A72375B0066304A /* SwiftConcurrencyBootcampApp.swift */; };
		4464B3A82A72375B0066304A /* ContentView.swift in Sources */ = {isa = PBXBuildFile; fileRef = 4464B3A72A72375B0066304A /* ContentView.swift */; };
		4464B3AA2A72375C0066304A /* Assets.xcassets in Resources */ = {isa = PBXBuildFile; fileRef = 4464B3A92A72375C0066304A /* Assets.xcassets */; };
		4464B3AD2A72375C0066304A /* Preview Assets.xcassets in Resources */ = {isa = PBXBuildFile; fileRef = 4464B3AC2A72375C0066304A /* Preview Assets.xcassets */; };
		4464B3B42A7237890066304A /* DoCatchTryThrowsBootcamp.swift in Sources */ = {isa = PBXBuildFile; fileRef = 4464B3B32A7237890066304A /* DoCatchTryThrowsBootcamp.swift */; };
		4464B3B62A724CDB0066304A /* DownloadImageAsync.swift in Sources */ = {isa = PBXBuildFile; fileRef = 4464B3B52A724CDA0066304A /* DownloadImageAsync.swift */; };
		44AE621D2A78F88F003598CF /* CheckedContinuationBootcamp.swift in Sources */ = {isa = PBXBuildFile; fileRef = 44AE621C2A78F88F003598CF /* CheckedContinuationBootcamp.swift */; };
		44B0DBD72A7ECF89006605AC /* GlobalActorBootcamp.swift in Sources */ = {isa = PBXBuildFile; fileRef = 44B0DBD62A7ECF89006605AC /* GlobalActorBootcamp.swift */; };
		44B3108C2A7575460005A3CB /* TaskBootcamp.swift in Sources */ = {isa = PBXBuildFile; fileRef = 44B3108B2A7575460005A3CB /* TaskBootcamp.swift */; };
		44B310912A7647230005A3CB /* AsyncLetBootcamp.swift in Sources */ = {isa = PBXBuildFile; fileRef = 44B310902A7647230005A3CB /* AsyncLetBootcamp.swift */; };
		44B310932A764E180005A3CB /* TaskGroupBootcamp.swift in Sources */ = {isa = PBXBuildFile; fileRef = 44B310922A764E180005A3CB /* TaskGroupBootcamp.swift */; };
		44DFE49B2A7A1B6F002C416D /* StructClassActorBootcamp.swift in Sources */ = {isa = PBXBuildFile; fileRef = 44DFE49A2A7A1B6E002C416D /* StructClassActorBootcamp.swift */; };
/* End PBXBuildFile section */

/* Begin PBXFileReference section */
		443053042A728E2E000CC3C5 /* AsyncAwaitBootcamp.swift */ = {isa = PBXFileReference; lastKnownFileType = sourcecode.swift; path = AsyncAwaitBootcamp.swift; sourceTree = "<group>"; };
		4453E59E2A7F6B19009029AF /* SendableBootcamp.swift */ = {isa = PBXFileReference; lastKnownFileType = sourcecode.swift; path = SendableBootcamp.swift; sourceTree = "<group>"; };
		4453E5A02A7F71B5009029AF /* AsyncPublisherBootcamp.swift */ = {isa = PBXFileReference; lastKnownFileType = sourcecode.swift; path = AsyncPublisherBootcamp.swift; sourceTree = "<group>"; };
		445802652A7CC1D700773DD2 /* ActorsBootcamp.swift */ = {isa = PBXFileReference; lastKnownFileType = sourcecode.swift; path = ActorsBootcamp.swift; sourceTree = "<group>"; };
		4464B3A22A72375B0066304A /* SwiftConcurrencyBootcamp.app */ = {isa = PBXFileReference; explicitFileType = wrapper.application; includeInIndex = 0; path = SwiftConcurrencyBootcamp.app; sourceTree = BUILT_PRODUCTS_DIR; };
		4464B3A52A72375B0066304A /* SwiftConcurrencyBootcampApp.swift */ = {isa = PBXFileReference; lastKnownFileType = sourcecode.swift; path = SwiftConcurrencyBootcampApp.swift; sourceTree = "<group>"; };
		4464B3A72A72375B0066304A /* ContentView.swift */ = {isa = PBXFileReference; lastKnownFileType = sourcecode.swift; path = ContentView.swift; sourceTree = "<group>"; };
		4464B3A92A72375C0066304A /* Assets.xcassets */ = {isa = PBXFileReference; lastKnownFileType = folder.assetcatalog; path = Assets.xcassets; sourceTree = "<group>"; };
		4464B3AC2A72375C0066304A /* Preview Assets.xcassets */ = {isa = PBXFileReference; lastKnownFileType = folder.assetcatalog; path = "Preview Assets.xcassets"; sourceTree = "<group>"; };
		4464B3B32A7237890066304A /* DoCatchTryThrowsBootcamp.swift */ = {isa = PBXFileReference; lastKnownFileType = sourcecode.swift; path = DoCatchTryThrowsBootcamp.swift; sourceTree = "<group>"; };
		4464B3B52A724CDA0066304A /* DownloadImageAsync.swift */ = {isa = PBXFileReference; lastKnownFileType = sourcecode.swift; path = DownloadImageAsync.swift; sourceTree = "<group>"; };
		44AE621C2A78F88F003598CF /* CheckedContinuationBootcamp.swift */ = {isa = PBXFileReference; lastKnownFileType = sourcecode.swift; path = CheckedContinuationBootcamp.swift; sourceTree = "<group>"; };
		44B0DBD62A7ECF89006605AC /* GlobalActorBootcamp.swift */ = {isa = PBXFileReference; lastKnownFileType = sourcecode.swift; path = GlobalActorBootcamp.swift; sourceTree = "<group>"; };
		44B3108B2A7575460005A3CB /* TaskBootcamp.swift */ = {isa = PBXFileReference; lastKnownFileType = sourcecode.swift; path = TaskBootcamp.swift; sourceTree = "<group>"; };
		44B310902A7647230005A3CB /* AsyncLetBootcamp.swift */ = {isa = PBXFileReference; lastKnownFileType = sourcecode.swift; path = AsyncLetBootcamp.swift; sourceTree = "<group>"; };
		44B310922A764E180005A3CB /* TaskGroupBootcamp.swift */ = {isa = PBXFileReference; lastKnownFileType = sourcecode.swift; path = TaskGroupBootcamp.swift; sourceTree = "<group>"; };
		44DFE49A2A7A1B6E002C416D /* StructClassActorBootcamp.swift */ = {isa = PBXFileReference; lastKnownFileType = sourcecode.swift; path = StructClassActorBootcamp.swift; sourceTree = "<group>"; };
		44FF79322A7A918A00FBD6AB /* SwiftConcurrencyBootcamp.entitlements */ = {isa = PBXFileReference; lastKnownFileType = text.plist.entitlements; path = SwiftConcurrencyBootcamp.entitlements; sourceTree = "<group>"; };
/* End PBXFileReference section */

/* Begin PBXFrameworksBuildPhase section */
		4464B39F2A72375B0066304A /* Frameworks */ = {
			isa = PBXFrameworksBuildPhase;
			buildActionMask = 2147483647;
			files = (
			);
			runOnlyForDeploymentPostprocessing = 0;
		};
/* End PBXFrameworksBuildPhase section */

/* Begin PBXGroup section */
		4464B3992A72375B0066304A = {
			isa = PBXGroup;
			children = (
				4464B3A42A72375B0066304A /* SwiftConcurrencyBootcamp */,
				4464B3A32A72375B0066304A /* Products */,
			);
			sourceTree = "<group>";
		};
		4464B3A32A72375B0066304A /* Products */ = {
			isa = PBXGroup;
			children = (
				4464B3A22A72375B0066304A /* SwiftConcurrencyBootcamp.app */,
			);
			name = Products;
			sourceTree = "<group>";
		};
		4464B3A42A72375B0066304A /* SwiftConcurrencyBootcamp */ = {
			isa = PBXGroup;
			children = (
				44FF79322A7A918A00FBD6AB /* SwiftConcurrencyBootcamp.entitlements */,
				4464B3A52A72375B0066304A /* SwiftConcurrencyBootcampApp.swift */,
				4464B3A72A72375B0066304A /* ContentView.swift */,
				4464B3B32A7237890066304A /* DoCatchTryThrowsBootcamp.swift */,
				4464B3B52A724CDA0066304A /* DownloadImageAsync.swift */,
				443053042A728E2E000CC3C5 /* AsyncAwaitBootcamp.swift */,
				44B3108B2A7575460005A3CB /* TaskBootcamp.swift */,
				44B310902A7647230005A3CB /* AsyncLetBootcamp.swift */,
				44B310922A764E180005A3CB /* TaskGroupBootcamp.swift */,
				44AE621C2A78F88F003598CF /* CheckedContinuationBootcamp.swift */,
				44DFE49A2A7A1B6E002C416D /* StructClassActorBootcamp.swift */,
				445802652A7CC1D700773DD2 /* ActorsBootcamp.swift */,
				44B0DBD62A7ECF89006605AC /* GlobalActorBootcamp.swift */,
				4453E59E2A7F6B19009029AF /* SendableBootcamp.swift */,
				4453E5A02A7F71B5009029AF /* AsyncPublisherBootcamp.swift */,
				4464B3A92A72375C0066304A /* Assets.xcassets */,
				4464B3AB2A72375C0066304A /* Preview Content */,
			);
			path = SwiftConcurrencyBootcamp;
			sourceTree = "<group>";
		};
		4464B3AB2A72375C0066304A /* Preview Content */ = {
			isa = PBXGroup;
			children = (
				4464B3AC2A72375C0066304A /* Preview Assets.xcassets */,
			);
			path = "Preview Content";
			sourceTree = "<group>";
		};
/* End PBXGroup section */

/* Begin PBXNativeTarget section */
		4464B3A12A72375B0066304A /* SwiftConcurrencyBootcamp */ = {
			isa = PBXNativeTarget;
			buildConfigurationList = 4464B3B02A72375C0066304A /* Build configuration list for PBXNativeTarget "SwiftConcurrencyBootcamp" */;
			buildPhases = (
				4464B39E2A72375B0066304A /* Sources */,
				4464B39F2A72375B0066304A /* Frameworks */,
				4464B3A02A72375B0066304A /* Resources */,
			);
			buildRules = (
			);
			dependencies = (
			);
			name = SwiftConcurrencyBootcamp;
			productName = SwiftConcurrencyBootcamp;
			productReference = 4464B3A22A72375B0066304A /* SwiftConcurrencyBootcamp.app */;
			productType = "com.apple.product-type.application";
		};
/* End PBXNativeTarget section */

/* Begin PBXProject section */
		4464B39A2A72375B0066304A /* Project object */ = {
			isa = PBXProject;
			attributes = {
				BuildIndependentTargetsInParallel = 1;
				LastSwiftUpdateCheck = 1430;
				LastUpgradeCheck = 1430;
				TargetAttributes = {
					4464B3A12A72375B0066304A = {
						CreatedOnToolsVersion = 14.3.1;
					};
				};
			};
			buildConfigurationList = 4464B39D2A72375B0066304A /* Build configuration list for PBXProject "SwiftConcurrencyBootcamp" */;
			compatibilityVersion = "Xcode 14.0";
			developmentRegion = en;
			hasScannedForEncodings = 0;
			knownRegions = (
				en,
				Base,
			);
			mainGroup = 4464B3992A72375B0066304A;
			productRefGroup = 4464B3A32A72375B0066304A /* Products */;
			projectDirPath = "";
			projectRoot = "";
			targets = (
				4464B3A12A72375B0066304A /* SwiftConcurrencyBootcamp */,
			);
		};
/* End PBXProject section */

/* Begin PBXResourcesBuildPhase section */
		4464B3A02A72375B0066304A /* Resources */ = {
			isa = PBXResourcesBuildPhase;
			buildActionMask = 2147483647;
			files = (
				4464B3AD2A72375C0066304A /* Preview Assets.xcassets in Resources */,
				4464B3AA2A72375C0066304A /* Assets.xcassets in Resources */,
			);
			runOnlyForDeploymentPostprocessing = 0;
		};
/* End PBXResourcesBuildPhase section */

/* Begin PBXSourcesBuildPhase section */
		4464B39E2A72375B0066304A /* Sources */ = {
			isa = PBXSourcesBuildPhase;
			buildActionMask = 2147483647;
			files = (
				4464B3B62A724CDB0066304A /* DownloadImageAsync.swift in Sources */,
				4464B3B42A7237890066304A /* DoCatchTryThrowsBootcamp.swift in Sources */,
				4464B3A82A72375B0066304A /* ContentView.swift in Sources */,
				4453E59F2A7F6B19009029AF /* SendableBootcamp.swift in Sources */,
				445802662A7CC1D700773DD2 /* ActorsBootcamp.swift in Sources */,
				44AE621D2A78F88F003598CF /* CheckedContinuationBootcamp.swift in Sources */,
				44DFE49B2A7A1B6F002C416D /* StructClassActorBootcamp.swift in Sources */,
				44B3108C2A7575460005A3CB /* TaskBootcamp.swift in Sources */,
				44B0DBD72A7ECF89006605AC /* GlobalActorBootcamp.swift in Sources */,
				443053052A728E2E000CC3C5 /* AsyncAwaitBootcamp.swift in Sources */,
				4453E5A12A7F71B5009029AF /* AsyncPublisherBootcamp.swift in Sources */,
				4464B3A62A72375B0066304A /* SwiftConcurrencyBootcampApp.swift in Sources */,
				44B310912A7647230005A3CB /* AsyncLetBootcamp.swift in Sources */,
				44B310932A764E180005A3CB /* TaskGroupBootcamp.swift in Sources */,
			);
			runOnlyForDeploymentPostprocessing = 0;
		};
/* End PBXSourcesBuildPhase section */

/* Begin XCBuildConfiguration section */
		4464B3AE2A72375C0066304A /* Debug */ = {
			isa = XCBuildConfiguration;
			buildSettings = {
				ALWAYS_SEARCH_USER_PATHS = NO;
				CLANG_ANALYZER_NONNULL = YES;
				CLANG_ANALYZER_NUMBER_OBJECT_CONVERSION = YES_AGGRESSIVE;
				CLANG_CXX_LANGUAGE_STANDARD = "gnu++20";
				CLANG_ENABLE_MODULES = YES;
				CLANG_ENABLE_OBJC_ARC = YES;
				CLANG_ENABLE_OBJC_WEAK = YES;
				CLANG_WARN_BLOCK_CAPTURE_AUTORELEASING = YES;
				CLANG_WARN_BOOL_CONVERSION = YES;
				CLANG_WARN_COMMA = YES;
				CLANG_WARN_CONSTANT_CONVERSION = YES;
				CLANG_WARN_DEPRECATED_OBJC_IMPLEMENTATIONS = YES;
				CLANG_WARN_DIRECT_OBJC_ISA_USAGE = YES_ERROR;
				CLANG_WARN_DOCUMENTATION_COMMENTS = YES;
				CLANG_WARN_EMPTY_BODY = YES;
				CLANG_WARN_ENUM_CONVERSION = YES;
				CLANG_WARN_INFINITE_RECURSION = YES;
				CLANG_WARN_INT_CONVERSION = YES;
				CLANG_WARN_NON_LITERAL_NULL_CONVERSION = YES;
				CLANG_WARN_OBJC_IMPLICIT_RETAIN_SELF = YES;
				CLANG_WARN_OBJC_LITERAL_CONVERSION = YES;
				CLANG_WARN_OBJC_ROOT_CLASS = YES_ERROR;
				CLANG_WARN_QUOTED_INCLUDE_IN_FRAMEWORK_HEADER = YES;
				CLANG_WARN_RANGE_LOOP_ANALYSIS = YES;
				CLANG_WARN_STRICT_PROTOTYPES = YES;
				CLANG_WARN_SUSPICIOUS_MOVE = YES;
				CLANG_WARN_UNGUARDED_AVAILABILITY = YES_AGGRESSIVE;
				CLANG_WARN_UNREACHABLE_CODE = YES;
				CLANG_WARN__DUPLICATE_METHOD_MATCH = YES;
				COPY_PHASE_STRIP = NO;
				DEBUG_INFORMATION_FORMAT = dwarf;
				ENABLE_STRICT_OBJC_MSGSEND = YES;
				ENABLE_TESTABILITY = YES;
				GCC_C_LANGUAGE_STANDARD = gnu11;
				GCC_DYNAMIC_NO_PIC = NO;
				GCC_NO_COMMON_BLOCKS = YES;
				GCC_OPTIMIZATION_LEVEL = 0;
				GCC_PREPROCESSOR_DEFINITIONS = (
					"DEBUG=1",
					"$(inherited)",
				);
				GCC_WARN_64_TO_32_BIT_CONVERSION = YES;
				GCC_WARN_ABOUT_RETURN_TYPE = YES_ERROR;
				GCC_WARN_UNDECLARED_SELECTOR = YES;
				GCC_WARN_UNINITIALIZED_AUTOS = YES_AGGRESSIVE;
				GCC_WARN_UNUSED_FUNCTION = YES;
				GCC_WARN_UNUSED_VARIABLE = YES;
				IPHONEOS_DEPLOYMENT_TARGET = 16.4;
				MTL_ENABLE_DEBUG_INFO = INCLUDE_SOURCE;
				MTL_FAST_MATH = YES;
				ONLY_ACTIVE_ARCH = YES;
				SDKROOT = iphoneos;
				SWIFT_ACTIVE_COMPILATION_CONDITIONS = DEBUG;
				SWIFT_OPTIMIZATION_LEVEL = "-Onone";
			};
			name = Debug;
		};
		4464B3AF2A72375C0066304A /* Release */ = {
			isa = XCBuildConfiguration;
			buildSettings = {
				ALWAYS_SEARCH_USER_PATHS = NO;
				CLANG_ANALYZER_NONNULL = YES;
				CLANG_ANALYZER_NUMBER_OBJECT_CONVERSION = YES_AGGRESSIVE;
				CLANG_CXX_LANGUAGE_STANDARD = "gnu++20";
				CLANG_ENABLE_MODULES = YES;
				CLANG_ENABLE_OBJC_ARC = YES;
				CLANG_ENABLE_OBJC_WEAK = YES;
				CLANG_WARN_BLOCK_CAPTURE_AUTORELEASING = YES;
				CLANG_WARN_BOOL_CONVERSION = YES;
				CLANG_WARN_COMMA = YES;
				CLANG_WARN_CONSTANT_CONVERSION = YES;
				CLANG_WARN_DEPRECATED_OBJC_IMPLEMENTATIONS = YES;
				CLANG_WARN_DIRECT_OBJC_ISA_USAGE = YES_ERROR;
				CLANG_WARN_DOCUMENTATION_COMMENTS = YES;
				CLANG_WARN_EMPTY_BODY = YES;
				CLANG_WARN_ENUM_CONVERSION = YES;
				CLANG_WARN_INFINITE_RECURSION = YES;
				CLANG_WARN_INT_CONVERSION = YES;
				CLANG_WARN_NON_LITERAL_NULL_CONVERSION = YES;
				CLANG_WARN_OBJC_IMPLICIT_RETAIN_SELF = YES;
				CLANG_WARN_OBJC_LITERAL_CONVERSION = YES;
				CLANG_WARN_OBJC_ROOT_CLASS = YES_ERROR;
				CLANG_WARN_QUOTED_INCLUDE_IN_FRAMEWORK_HEADER = YES;
				CLANG_WARN_RANGE_LOOP_ANALYSIS = YES;
				CLANG_WARN_STRICT_PROTOTYPES = YES;
				CLANG_WARN_SUSPICIOUS_MOVE = YES;
				CLANG_WARN_UNGUARDED_AVAILABILITY = YES_AGGRESSIVE;
				CLANG_WARN_UNREACHABLE_CODE = YES;
				CLANG_WARN__DUPLICATE_METHOD_MATCH = YES;
				COPY_PHASE_STRIP = NO;
				DEBUG_INFORMATION_FORMAT = "dwarf-with-dsym";
				ENABLE_NS_ASSERTIONS = NO;
				ENABLE_STRICT_OBJC_MSGSEND = YES;
				GCC_C_LANGUAGE_STANDARD = gnu11;
				GCC_NO_COMMON_BLOCKS = YES;
				GCC_WARN_64_TO_32_BIT_CONVERSION = YES;
				GCC_WARN_ABOUT_RETURN_TYPE = YES_ERROR;
				GCC_WARN_UNDECLARED_SELECTOR = YES;
				GCC_WARN_UNINITIALIZED_AUTOS = YES_AGGRESSIVE;
				GCC_WARN_UNUSED_FUNCTION = YES;
				GCC_WARN_UNUSED_VARIABLE = YES;
				IPHONEOS_DEPLOYMENT_TARGET = 16.4;
				MTL_ENABLE_DEBUG_INFO = NO;
				MTL_FAST_MATH = YES;
				SDKROOT = iphoneos;
				SWIFT_COMPILATION_MODE = wholemodule;
				SWIFT_OPTIMIZATION_LEVEL = "-O";
				VALIDATE_PRODUCT = YES;
			};
			name = Release;
		};
		4464B3B12A72375C0066304A /* Debug */ = {
			isa = XCBuildConfiguration;
			buildSettings = {
				ASSETCATALOG_COMPILER_APPICON_NAME = AppIcon;
				ASSETCATALOG_COMPILER_GLOBAL_ACCENT_COLOR_NAME = AccentColor;
				CODE_SIGN_ENTITLEMENTS = SwiftConcurrencyBootcamp/SwiftConcurrencyBootcamp.entitlements;
				CODE_SIGN_IDENTITY = "Apple Development";
				CODE_SIGN_STYLE = Automatic;
				CURRENT_PROJECT_VERSION = 1;
				DEVELOPMENT_ASSET_PATHS = "\"SwiftConcurrencyBootcamp/Preview Content\"";
				DEVELOPMENT_TEAM = DB7BCY9TRW;
				ENABLE_PREVIEWS = YES;
				GENERATE_INFOPLIST_FILE = YES;
				INFOPLIST_KEY_UIApplicationSceneManifest_Generation = YES;
				INFOPLIST_KEY_UIApplicationSupportsIndirectInputEvents = YES;
				INFOPLIST_KEY_UILaunchScreen_Generation = YES;
				INFOPLIST_KEY_UISupportedInterfaceOrientations_iPad = "UIInterfaceOrientationPortrait UIInterfaceOrientationPortraitUpsideDown UIInterfaceOrientationLandscapeLeft UIInterfaceOrientationLandscapeRight";
				INFOPLIST_KEY_UISupportedInterfaceOrientations_iPhone = "UIInterfaceOrientationPortrait UIInterfaceOrientationLandscapeLeft UIInterfaceOrientationLandscapeRight";
				LD_RUNPATH_SEARCH_PATHS = (
					"$(inherited)",
					"@executable_path/Frameworks",
				);
				MARKETING_VERSION = 1.0;
				PRODUCT_BUNDLE_IDENTIFIER = com.matchpoze.SwiftConcurrencyBootcamp;
				PRODUCT_NAME = "$(TARGET_NAME)";
				PROVISIONING_PROFILE_SPECIFIER = "";
				SWIFT_EMIT_LOC_STRINGS = YES;
				SWIFT_VERSION = 5.0;
				TARGETED_DEVICE_FAMILY = "1,2";
			};
			name = Debug;
		};
		4464B3B22A72375C0066304A /* Release */ = {
			isa = XCBuildConfiguration;
			buildSettings = {
				ASSETCATALOG_COMPILER_APPICON_NAME = AppIcon;
				ASSETCATALOG_COMPILER_GLOBAL_ACCENT_COLOR_NAME = AccentColor;
				CODE_SIGN_ENTITLEMENTS = SwiftConcurrencyBootcamp/SwiftConcurrencyBootcamp.entitlements;
				CODE_SIGN_IDENTITY = "Apple Development";
				CODE_SIGN_STYLE = Automatic;
				CURRENT_PROJECT_VERSION = 1;
				DEVELOPMENT_ASSET_PATHS = "\"SwiftConcurrencyBootcamp/Preview Content\"";
				DEVELOPMENT_TEAM = DB7BCY9TRW;
				ENABLE_PREVIEWS = YES;
				GENERATE_INFOPLIST_FILE = YES;
				INFOPLIST_KEY_UIApplicationSceneManifest_Generation = YES;
				INFOPLIST_KEY_UIApplicationSupportsIndirectInputEvents = YES;
				INFOPLIST_KEY_UILaunchScreen_Generation = YES;
				INFOPLIST_KEY_UISupportedInterfaceOrientations_iPad = "UIInterfaceOrientationPortrait UIInterfaceOrientationPortraitUpsideDown UIInterfaceOrientationLandscapeLeft UIInterfaceOrientationLandscapeRight";
				INFOPLIST_KEY_UISupportedInterfaceOrientations_iPhone = "UIInterfaceOrientationPortrait UIInterfaceOrientationLandscapeLeft UIInterfaceOrientationLandscapeRight";
				LD_RUNPATH_SEARCH_PATHS = (
					"$(inherited)",
					"@executable_path/Frameworks",
				);
				MARKETING_VERSION = 1.0;
				PRODUCT_BUNDLE_IDENTIFIER = com.matchpoze.SwiftConcurrencyBootcamp;
				PRODUCT_NAME = "$(TARGET_NAME)";
				PROVISIONING_PROFILE_SPECIFIER = "";
				SWIFT_EMIT_LOC_STRINGS = YES;
				SWIFT_VERSION = 5.0;
				TARGETED_DEVICE_FAMILY = "1,2";
			};
			name = Release;
		};
/* End XCBuildConfiguration section */

/* Begin XCConfigurationList section */
		4464B39D2A72375B0066304A /* Build configuration list for PBXProject "SwiftConcurrencyBootcamp" */ = {
			isa = XCConfigurationList;
			buildConfigurations = (
				4464B3AE2A72375C0066304A /* Debug */,
				4464B3AF2A72375C0066304A /* Release */,
			);
			defaultConfigurationIsVisible = 0;
			defaultConfigurationName = Release;
		};
		4464B3B02A72375C0066304A /* Build configuration list for PBXNativeTarget "SwiftConcurrencyBootcamp" */ = {
			isa = XCConfigurationList;
			buildConfigurations = (
				4464B3B12A72375C0066304A /* Debug */,
				4464B3B22A72375C0066304A /* Release */,
			);
			defaultConfigurationIsVisible = 0;
			defaultConfigurationName = Release;
		};
/* End XCConfigurationList section */
	};
	rootObject = 4464B39A2A72375B0066304A /* Project object */;
}
